
Microsoft Visual Studio Solution File, Format Version 11.00
# Visual Basic Express 2010
Project("{F184B08F-C81C-45F6-A57F-5ABD9991F28F}") = "Assignment 1", "Assignment 1\Assignment 1.vbproj", "{D90D8F1F-487D-468D-97B1-63CF2BE1E43B}"
EndProject
Global
	GlobalSection(SolutionConfigurationPlatforms) = preSolution
		Debug|x86 = Debug|x86
		Release|x86 = Release|x86
	EndGlobalSection
	GlobalSection(ProjectConfigurationPlatforms) = postSolution
		{D90D8F1F-487D-468D-97B1-63CF2BE1E43B}.Debug|x86.ActiveCfg = Debug|x86
		{D90D8F1F-487D-468D-97B1-63CF2BE1E43B}.Debug|x86.Build.0 = Debug|x86
		{D90D8F1F-487D-468D-97B1-63CF2BE1E43B}.Release|x86.ActiveCfg = Release|x86
		{D90D8F1F-487D-468D-97B1-63CF2BE1E43B}.Release|x86.Build.0 = Release|x86
	EndGlobalSection
	GlobalSection(SolutionProperties) = preSolution
		HideSolutionNode = FALSE
	EndGlobalSection
EndGlobal
